github.com/mattn/go-runewidth v0.0.3/go.mod h1:LwmH8dsx7+W8Uxz3IHJYH5QSwggIsqBzpuz5H//U1FU=
github.com/peterh/liner v1.2.0/go.mod h1:CRroGNssyjTd/qIG2FyxByd2S8JEAZXBl4qUrZf8GS0=
github.com/qiniu/text v1.9.2 h1:1+aVZrM+LaDMf6PFL+U3q9N7zyj3YBqg2EnKeaHdLxU=
github.com/qiniu/text v1.9.2/go.mod h1:v9y6inngR3QcljoFfgmBN+ukkI4WBItyzxMfyHao1C4=
github.com/qiniu/x v1.10.5 h1:7V/CYWEmo9axJULvrJN6sMYh2FdY+esN5h8jwDkA4b0=
github.com/qiniu/x v1.10.5/go.mod h1:03Ni9tj+N2h2aKnAz+6N0Xfl8FwMEDRC2PAlxekASDs=
github.com/xushiwei/qlang v1.2.2 h1:/SWpFRYndjbXp4VumHlhTj8yJ9HtjnLexPz3v3bSUGg=
github.com/xushiwei/qlang v1.2.2/go.mod h1:Dgju+HSaZhamzLvhCNoFEo3ISC8Y1wId8ZlYMCdTITE=
gopkg.in/mgo.v2 v2.0.0-20190816093944-a6b53ec6cb22 h1:VpOs+IwYnYBaFnrNAeB8UUWtL3vEUnzSCL1nVjPhqrw=
gopkg.in/mgo.v2 v2.0.0-20190816093944-a6b53ec6cb22/go.mod h1:yeKp02qBN3iKW1OzL3MGk2IdtZzaj7SFntXj72NppTA=
