github.com/mattn/go-runewidth v0.0.3/go.mod h1:LwmH8dsx7+W8Uxz3IHJYH5QSwggIsqBzpuz5H//U1FU=
github.com/peterh/liner v1.1.0/go.mod h1:CRroGNssyjTd/qIG2FyxByd2S8JEAZXBl4qUrZf8GS0=
github.com/peterh/liner v1.2.0/go.mod h1:CRroGNssyjTd/qIG2FyxByd2S8JEAZXBl4qUrZf8GS0=
github.com/qiniu/text v1.3.0 h1:rcEMTMM4PzieXFNpgjwBe45KUoWa1EJ+l+suAywJWrc=
github.com/qiniu/text v1.3.0/go.mod h1:v9y6inngR3QcljoFfgmBN+ukkI4WBItyzxMfyHao1C4=
github.com/qiniu/x v1.10.1 h1:Pv5aPTb7eqSm2wzOpVCD6SDgaK1qr7eeYLzcnQtO+3A=
github.com/qiniu/x v1.10.1/go.mod h1:BeQOcur1vCtXTTv1Fo4WtJypt4cEh4/kuVY6GOAPxLs=
github.com/visualfc/pkgwalk v1.0.0/go.mod h1:1FBUxT6vBvYFqrUQVNrrmn1Nu30snrj2pTKlQMku3Tg=
github.com/xushiwei/qlang v1.2.1 h1:eiennP1v6bqXrX/3Fp6jeNXb7kkHjkOv3FdDNiA4/Wg=
github.com/xushiwei/qlang v1.2.1/go.mod h1:nqfXwZg0zMXKTwPi8sWOldpvImqSteFrCk8QZ+p3vQY=
gopkg.in/mgo.v2 v2.0.0-20190816093944-a6b53ec6cb22 h1:VpOs+IwYnYBaFnrNAeB8UUWtL3vEUnzSCL1nVjPhqrw=
gopkg.in/mgo.v2 v2.0.0-20190816093944-a6b53ec6cb22/go.mod h1:yeKp02qBN3iKW1OzL3MGk2IdtZzaj7SFntXj72NppTA=
