github.com/mattn/go-runewidth v0.0.3/go.mod h1:LwmH8dsx7+W8Uxz3IHJYH5QSwggIsqBzpuz5H//U1FU=
github.com/peterh/liner v1.2.0/go.mod h1:CRroGNssyjTd/qIG2FyxByd2S8JEAZXBl4qUrZf8GS0=
github.com/qiniu/qlang v1.2.0 h1:eUlBqwB4d9jNl2Yhww5moDrASwOw6OWCr9qdbLHAYxs=
github.com/qiniu/qlang v1.2.0/go.mod h1:N5AbYmR7Ht1jmYIGQDe5j92LrVsl6Wlu8qGsLzhGRWI=
github.com/qiniu/text v1.3.0 h1:rcEMTMM4PzieXFNpgjwBe45KUoWa1EJ+l+suAywJWrc=
github.com/qiniu/text v1.3.0/go.mod h1:v9y6inngR3QcljoFfgmBN+ukkI4WBItyzxMfyHao1C4=
github.com/qiniu/x v1.10.1 h1:Pv5aPTb7eqSm2wzOpVCD6SDgaK1qr7eeYLzcnQtO+3A=
github.com/qiniu/x v1.10.1/go.mod h1:BeQOcur1vCtXTTv1Fo4WtJypt4cEh4/kuVY6GOAPxLs=
gopkg.in/mgo.v2 v2.0.0-20190816093944-a6b53ec6cb22 h1:VpOs+IwYnYBaFnrNAeB8UUWtL3vEUnzSCL1nVjPhqrw=
gopkg.in/mgo.v2 v2.0.0-20190816093944-a6b53ec6cb22/go.mod h1:yeKp02qBN3iKW1OzL3MGk2IdtZzaj7SFntXj72NppTA=
